// !$*UTF8*$!
{
	archiveVersion = 1;
	classes = {
	};
	objectVersion = 46;
	objects = {

/* Begin PBXBuildFile section */
		31A738F01C6A2AB300E4C51E /* UniversityViewController.swift in Sources */ = {isa = PBXBuildFile; fileRef = 31A738EF1C6A2AB300E4C51E /* UniversityViewController.swift */; };
		31A738F21C6A300600E4C51E /* UniversityCell.swift in Sources */ = {isa = PBXBuildFile; fileRef = 31A738F11C6A300600E4C51E /* UniversityCell.swift */; };
		5EDE788E1C6524F400E75491 /* AppDelegate.swift in Sources */ = {isa = PBXBuildFile; fileRef = 5EDE788D1C6524F400E75491 /* AppDelegate.swift */; };
		5EDE78931C6524F400E75491 /* Account.storyboard in Resources */ = {isa = PBXBuildFile; fileRef = 5EDE78911C6524F400E75491 /* Account.storyboard */; };
		5EDE78961C6524F400E75491 /* Ivory.xcdatamodeld in Sources */ = {isa = PBXBuildFile; fileRef = 5EDE78941C6524F400E75491 /* Ivory.xcdatamodeld */; };
		5EDE78981C6524F400E75491 /* Assets.xcassets in Resources */ = {isa = PBXBuildFile; fileRef = 5EDE78971C6524F400E75491 /* Assets.xcassets */; };
		5EDE789B1C6524F400E75491 /* LaunchScreen.storyboard in Resources */ = {isa = PBXBuildFile; fileRef = 5EDE78991C6524F400E75491 /* LaunchScreen.storyboard */; };
		5EDE78A61C6524F400E75491 /* IvoryTests.swift in Sources */ = {isa = PBXBuildFile; fileRef = 5EDE78A51C6524F400E75491 /* IvoryTests.swift */; };
		5EDE78B11C6524F400E75491 /* IvoryUITests.swift in Sources */ = {isa = PBXBuildFile; fileRef = 5EDE78B01C6524F400E75491 /* IvoryUITests.swift */; };
		5EDE78BF1C65274C00E75491 /* AccountViewController.swift in Sources */ = {isa = PBXBuildFile; fileRef = 5EDE78BE1C65274C00E75491 /* AccountViewController.swift */; };
		5EDE78C11C65352F00E75491 /* RegisterViewController.swift in Sources */ = {isa = PBXBuildFile; fileRef = 5EDE78C01C65352F00E75491 /* RegisterViewController.swift */; };
		5EDE78C31C65353D00E75491 /* SignInViewController.swift in Sources */ = {isa = PBXBuildFile; fileRef = 5EDE78C21C65353D00E75491 /* SignInViewController.swift */; };
		5EDE78CB1C65442600E75491 /* Main.storyboard in Resources */ = {isa = PBXBuildFile; fileRef = 5EDE78CA1C65442600E75491 /* Main.storyboard */; };
		5EDE78CD1C6544A700E75491 /* MainViewController.swift in Sources */ = {isa = PBXBuildFile; fileRef = 5EDE78CC1C6544A700E75491 /* MainViewController.swift */; };
		5EDE78D11C65496D00E75491 /* ChatRoom.storyboard in Resources */ = {isa = PBXBuildFile; fileRef = 5EDE78D01C65496D00E75491 /* ChatRoom.storyboard */; };
		5EDE78D31C65497A00E75491 /* Profile.storyboard in Resources */ = {isa = PBXBuildFile; fileRef = 5EDE78D21C65497A00E75491 /* Profile.storyboard */; };
		5EDE78D51C65498A00E75491 /* Settings.storyboard in Resources */ = {isa = PBXBuildFile; fileRef = 5EDE78D41C65498A00E75491 /* Settings.storyboard */; };
		5EDE78D71C65499600E75491 /* JoinUs.storyboard in Resources */ = {isa = PBXBuildFile; fileRef = 5EDE78D61C65499600E75491 /* JoinUs.storyboard */; };
		5EDE78DE1C654D4000E75491 /* ChatRoomViewController.swift in Sources */ = {isa = PBXBuildFile; fileRef = 5EDE78DD1C654D4000E75491 /* ChatRoomViewController.swift */; };
		5EDE78E01C654D4A00E75491 /* ProfileViewController.swift in Sources */ = {isa = PBXBuildFile; fileRef = 5EDE78DF1C654D4A00E75491 /* ProfileViewController.swift */; };
		5EDE78E21C654D5300E75491 /* SettingsViewController.swift in Sources */ = {isa = PBXBuildFile; fileRef = 5EDE78E11C654D5300E75491 /* SettingsViewController.swift */; };
		5EDE78E41C654D5D00E75491 /* JoinUsViewController.swift in Sources */ = {isa = PBXBuildFile; fileRef = 5EDE78E31C654D5D00E75491 /* JoinUsViewController.swift */; };
		5EDE78E61C65504000E75491 /* RoomMessagesViewController.swift in Sources */ = {isa = PBXBuildFile; fileRef = 5EDE78E51C65504000E75491 /* RoomMessagesViewController.swift */; };
		5EDE78E81C65505700E75491 /* RoomInfoViewController.swift in Sources */ = {isa = PBXBuildFile; fileRef = 5EDE78E71C65505700E75491 /* RoomInfoViewController.swift */; };
		5EDE78EA1C6552F900E75491 /* MembersViewController.swift in Sources */ = {isa = PBXBuildFile; fileRef = 5EDE78E91C6552F900E75491 /* MembersViewController.swift */; };
		5EDE78EC1C65530F00E75491 /* SubgroupsViewController.swift in Sources */ = {isa = PBXBuildFile; fileRef = 5EDE78EB1C65530F00E75491 /* SubgroupsViewController.swift */; };
		7E2463D18BA64D6F876DA902 /* Pods.framework in Frameworks */ = {isa = PBXBuildFile; fileRef = FCBA9943E1B353FAFD8585A5 /* Pods.framework */; };
		89EC9EF21C6B133F004DECE8 /* Bolts.framework in Frameworks */ = {isa = PBXBuildFile; fileRef = 89EC9EEB1C6B133F004DECE8 /* Bolts.framework */; };
		89EC9EF31C6B133F004DECE8 /* FacebookSDKStrings.bundle in Resources */ = {isa = PBXBuildFile; fileRef = 89EC9EEC1C6B133F004DECE8 /* FacebookSDKStrings.bundle */; };
		89EC9EF41C6B133F004DECE8 /* FBAudienceNetwork.framework in Frameworks */ = {isa = PBXBuildFile; fileRef = 89EC9EED1C6B133F004DECE8 /* FBAudienceNetwork.framework */; };
		89EC9EF51C6B133F004DECE8 /* FBSDKCoreKit.framework in Frameworks */ = {isa = PBXBuildFile; fileRef = 89EC9EEE1C6B133F004DECE8 /* FBSDKCoreKit.framework */; };
		89EC9EF61C6B133F004DECE8 /* FBSDKLoginKit.framework in Frameworks */ = {isa = PBXBuildFile; fileRef = 89EC9EEF1C6B133F004DECE8 /* FBSDKLoginKit.framework */; };
		89EC9EF71C6B133F004DECE8 /* FBSDKMessengerShareKit.framework in Frameworks */ = {isa = PBXBuildFile; fileRef = 89EC9EF01C6B133F004DECE8 /* FBSDKMessengerShareKit.framework */; };
		89EC9EF81C6B133F004DECE8 /* FBSDKShareKit.framework in Frameworks */ = {isa = PBXBuildFile; fileRef = 89EC9EF11C6B133F004DECE8 /* FBSDKShareKit.framework */; };
/* End PBXBuildFile section */

/* Begin PBXContainerItemProxy section */
		5EDE78A21C6524F400E75491 /* PBXContainerItemProxy */ = {
			isa = PBXContainerItemProxy;
			containerPortal = 5EDE78821C6524F400E75491 /* Project object */;
			proxyType = 1;
			remoteGlobalIDString = 5EDE78891C6524F400E75491;
			remoteInfo = Ivory;
		};
		5EDE78AD1C6524F400E75491 /* PBXContainerItemProxy */ = {
			isa = PBXContainerItemProxy;
			containerPortal = 5EDE78821C6524F400E75491 /* Project object */;
			proxyType = 1;
			remoteGlobalIDString = 5EDE78891C6524F400E75491;
			remoteInfo = Ivory;
		};
/* End PBXContainerItemProxy section */

/* Begin PBXFileReference section */
		31A738EF1C6A2AB300E4C51E /* UniversityViewController.swift */ = {isa = PBXFileReference; fileEncoding = 4; lastKnownFileType = sourcecode.swift; path = UniversityViewController.swift; sourceTree = "<group>"; };
		31A738F11C6A300600E4C51E /* UniversityCell.swift */ = {isa = PBXFileReference; fileEncoding = 4; lastKnownFileType = sourcecode.swift; path = UniversityCell.swift; sourceTree = "<group>"; };
		5EDE788A1C6524F400E75491 /* Ivory.app */ = {isa = PBXFileReference; explicitFileType = wrapper.application; includeInIndex = 0; path = Ivory.app; sourceTree = BUILT_PRODUCTS_DIR; };
		5EDE788D1C6524F400E75491 /* AppDelegate.swift */ = {isa = PBXFileReference; lastKnownFileType = sourcecode.swift; path = AppDelegate.swift; sourceTree = "<group>"; };
		5EDE78921C6524F400E75491 /* Base */ = {isa = PBXFileReference; lastKnownFileType = file.storyboard; name = Base; path = Base.lproj/Account.storyboard; sourceTree = "<group>"; };
		5EDE78951C6524F400E75491 /* Ivory.xcdatamodel */ = {isa = PBXFileReference; lastKnownFileType = wrapper.xcdatamodel; path = Ivory.xcdatamodel; sourceTree = "<group>"; };
		5EDE78971C6524F400E75491 /* Assets.xcassets */ = {isa = PBXFileReference; lastKnownFileType = folder.assetcatalog; path = Assets.xcassets; sourceTree = "<group>"; };
		5EDE789A1C6524F400E75491 /* Base */ = {isa = PBXFileReference; lastKnownFileType = file.storyboard; name = Base; path = Base.lproj/LaunchScreen.storyboard; sourceTree = "<group>"; };
		5EDE789C1C6524F400E75491 /* Info.plist */ = {isa = PBXFileReference; lastKnownFileType = text.plist.xml; path = Info.plist; sourceTree = "<group>"; };
		5EDE78A11C6524F400E75491 /* IvoryTests.xctest */ = {isa = PBXFileReference; explicitFileType = wrapper.cfbundle; includeInIndex = 0; path = IvoryTests.xctest; sourceTree = BUILT_PRODUCTS_DIR; };
		5EDE78A51C6524F400E75491 /* IvoryTests.swift */ = {isa = PBXFileReference; lastKnownFileType = sourcecode.swift; path = IvoryTests.swift; sourceTree = "<group>"; };
		5EDE78A71C6524F400E75491 /* Info.plist */ = {isa = PBXFileReference; lastKnownFileType = text.plist.xml; path = Info.plist; sourceTree = "<group>"; };
		5EDE78AC1C6524F400E75491 /* IvoryUITests.xctest */ = {isa = PBXFileReference; explicitFileType = wrapper.cfbundle; includeInIndex = 0; path = IvoryUITests.xctest; sourceTree = BUILT_PRODUCTS_DIR; };
		5EDE78B01C6524F400E75491 /* IvoryUITests.swift */ = {isa = PBXFileReference; lastKnownFileType = sourcecode.swift; path = IvoryUITests.swift; sourceTree = "<group>"; };
		5EDE78B21C6524F400E75491 /* Info.plist */ = {isa = PBXFileReference; lastKnownFileType = text.plist.xml; path = Info.plist; sourceTree = "<group>"; };
		5EDE78BE1C65274C00E75491 /* AccountViewController.swift */ = {isa = PBXFileReference; fileEncoding = 4; lastKnownFileType = sourcecode.swift; path = AccountViewController.swift; sourceTree = "<group>"; };
		5EDE78C01C65352F00E75491 /* RegisterViewController.swift */ = {isa = PBXFileReference; fileEncoding = 4; lastKnownFileType = sourcecode.swift; path = RegisterViewController.swift; sourceTree = "<group>"; };
		5EDE78C21C65353D00E75491 /* SignInViewController.swift */ = {isa = PBXFileReference; fileEncoding = 4; lastKnownFileType = sourcecode.swift; path = SignInViewController.swift; sourceTree = "<group>"; };
		5EDE78CA1C65442600E75491 /* Main.storyboard */ = {isa = PBXFileReference; fileEncoding = 4; lastKnownFileType = file.storyboard; path = Main.storyboard; sourceTree = "<group>"; };
		5EDE78CC1C6544A700E75491 /* MainViewController.swift */ = {isa = PBXFileReference; fileEncoding = 4; lastKnownFileType = sourcecode.swift; path = MainViewController.swift; sourceTree = "<group>"; };
		5EDE78D01C65496D00E75491 /* ChatRoom.storyboard */ = {isa = PBXFileReference; fileEncoding = 4; lastKnownFileType = file.storyboard; path = ChatRoom.storyboard; sourceTree = "<group>"; };
		5EDE78D21C65497A00E75491 /* Profile.storyboard */ = {isa = PBXFileReference; fileEncoding = 4; lastKnownFileType = file.storyboard; path = Profile.storyboard; sourceTree = "<group>"; };
		5EDE78D41C65498A00E75491 /* Settings.storyboard */ = {isa = PBXFileReference; fileEncoding = 4; lastKnownFileType = file.storyboard; path = Settings.storyboard; sourceTree = "<group>"; };
		5EDE78D61C65499600E75491 /* JoinUs.storyboard */ = {isa = PBXFileReference; fileEncoding = 4; lastKnownFileType = file.storyboard; path = JoinUs.storyboard; sourceTree = "<group>"; };
		5EDE78DD1C654D4000E75491 /* ChatRoomViewController.swift */ = {isa = PBXFileReference; fileEncoding = 4; lastKnownFileType = sourcecode.swift; path = ChatRoomViewController.swift; sourceTree = "<group>"; };
		5EDE78DF1C654D4A00E75491 /* ProfileViewController.swift */ = {isa = PBXFileReference; fileEncoding = 4; lastKnownFileType = sourcecode.swift; path = ProfileViewController.swift; sourceTree = "<group>"; };
		5EDE78E11C654D5300E75491 /* SettingsViewController.swift */ = {isa = PBXFileReference; fileEncoding = 4; lastKnownFileType = sourcecode.swift; path = SettingsViewController.swift; sourceTree = "<group>"; };
		5EDE78E31C654D5D00E75491 /* JoinUsViewController.swift */ = {isa = PBXFileReference; fileEncoding = 4; lastKnownFileType = sourcecode.swift; path = JoinUsViewController.swift; sourceTree = "<group>"; };
		5EDE78E51C65504000E75491 /* RoomMessagesViewController.swift */ = {isa = PBXFileReference; fileEncoding = 4; lastKnownFileType = sourcecode.swift; path = RoomMessagesViewController.swift; sourceTree = "<group>"; };
		5EDE78E71C65505700E75491 /* RoomInfoViewController.swift */ = {isa = PBXFileReference; fileEncoding = 4; lastKnownFileType = sourcecode.swift; path = RoomInfoViewController.swift; sourceTree = "<group>"; };
		5EDE78E91C6552F900E75491 /* MembersViewController.swift */ = {isa = PBXFileReference; fileEncoding = 4; lastKnownFileType = sourcecode.swift; path = MembersViewController.swift; sourceTree = "<group>"; };
		5EDE78EB1C65530F00E75491 /* SubgroupsViewController.swift */ = {isa = PBXFileReference; fileEncoding = 4; lastKnownFileType = sourcecode.swift; path = SubgroupsViewController.swift; sourceTree = "<group>"; };
		6A9D8096EF08E2B40444C8E6 /* Pods.release.xcconfig */ = {isa = PBXFileReference; includeInIndex = 1; lastKnownFileType = text.xcconfig; name = Pods.release.xcconfig; path = "Pods/Target Support Files/Pods/Pods.release.xcconfig"; sourceTree = "<group>"; };
		89EC9EEB1C6B133F004DECE8 /* Bolts.framework */ = {isa = PBXFileReference; lastKnownFileType = wrapper.framework; name = Bolts.framework; path = FacebookSDK/Bolts.framework; sourceTree = "<group>"; };
		89EC9EEC1C6B133F004DECE8 /* FacebookSDKStrings.bundle */ = {isa = PBXFileReference; lastKnownFileType = "wrapper.plug-in"; name = FacebookSDKStrings.bundle; path = FacebookSDK/FacebookSDKStrings.bundle; sourceTree = "<group>"; };
		89EC9EED1C6B133F004DECE8 /* FBAudienceNetwork.framework */ = {isa = PBXFileReference; lastKnownFileType = wrapper.framework; name = FBAudienceNetwork.framework; path = FacebookSDK/FBAudienceNetwork.framework; sourceTree = "<group>"; };
		89EC9EEE1C6B133F004DECE8 /* FBSDKCoreKit.framework */ = {isa = PBXFileReference; lastKnownFileType = wrapper.framework; name = FBSDKCoreKit.framework; path = FacebookSDK/FBSDKCoreKit.framework; sourceTree = "<group>"; };
		89EC9EEF1C6B133F004DECE8 /* FBSDKLoginKit.framework */ = {isa = PBXFileReference; lastKnownFileType = wrapper.framework; name = FBSDKLoginKit.framework; path = FacebookSDK/FBSDKLoginKit.framework; sourceTree = "<group>"; };
		89EC9EF01C6B133F004DECE8 /* FBSDKMessengerShareKit.framework */ = {isa = PBXFileReference; lastKnownFileType = wrapper.framework; name = FBSDKMessengerShareKit.framework; path = FacebookSDK/FBSDKMessengerShareKit.framework; sourceTree = "<group>"; };
		89EC9EF11C6B133F004DECE8 /* FBSDKShareKit.framework */ = {isa = PBXFileReference; lastKnownFileType = wrapper.framework; name = FBSDKShareKit.framework; path = FacebookSDK/FBSDKShareKit.framework; sourceTree = "<group>"; };
		E53D608C8228A6379B9068C9 /* Pods.debug.xcconfig */ = {isa = PBXFileReference; includeInIndex = 1; lastKnownFileType = text.xcconfig; name = Pods.debug.xcconfig; path = "Pods/Target Support Files/Pods/Pods.debug.xcconfig"; sourceTree = "<group>"; };
		FCBA9943E1B353FAFD8585A5 /* Pods.framework */ = {isa = PBXFileReference; explicitFileType = wrapper.framework; includeInIndex = 0; path = Pods.framework; sourceTree = BUILT_PRODUCTS_DIR; };
/* End PBXFileReference section */

/* Begin PBXFrameworksBuildPhase section */
		5EDE78871C6524F400E75491 /* Frameworks */ = {
			isa = PBXFrameworksBuildPhase;
			buildActionMask = 2147483647;
			files = (
				89EC9EF41C6B133F004DECE8 /* FBAudienceNetwork.framework in Frameworks */,
				89EC9EF51C6B133F004DECE8 /* FBSDKCoreKit.framework in Frameworks */,
				89EC9EF61C6B133F004DECE8 /* FBSDKLoginKit.framework in Frameworks */,
				89EC9EF81C6B133F004DECE8 /* FBSDKShareKit.framework in Frameworks */,
				7E2463D18BA64D6F876DA902 /* Pods.framework in Frameworks */,
				89EC9EF71C6B133F004DECE8 /* FBSDKMessengerShareKit.framework in Frameworks */,
				89EC9EF21C6B133F004DECE8 /* Bolts.framework in Frameworks */,
			);
			runOnlyForDeploymentPostprocessing = 0;
		};
		5EDE789E1C6524F400E75491 /* Frameworks */ = {
			isa = PBXFrameworksBuildPhase;
			buildActionMask = 2147483647;
			files = (
			);
			runOnlyForDeploymentPostprocessing = 0;
		};
		5EDE78A91C6524F400E75491 /* Frameworks */ = {
			isa = PBXFrameworksBuildPhase;
			buildActionMask = 2147483647;
			files = (
			);
			runOnlyForDeploymentPostprocessing = 0;
		};
/* End PBXFrameworksBuildPhase section */

/* Begin PBXGroup section */
		3BD71749351366B991181588 /* Pods */ = {
			isa = PBXGroup;
			children = (
				E53D608C8228A6379B9068C9 /* Pods.debug.xcconfig */,
				6A9D8096EF08E2B40444C8E6 /* Pods.release.xcconfig */,
			);
			name = Pods;
			sourceTree = "<group>";
		};
		5C9AA160706C754042895BC2 /* Frameworks */ = {
			isa = PBXGroup;
			children = (
				FCBA9943E1B353FAFD8585A5 /* Pods.framework */,
				89EC9EEA1C6B1316004DECE8 /* FacebookSDK */,
			);
			name = Frameworks;
			sourceTree = "<group>";
		};
		5EDE78811C6524F400E75491 = {
			isa = PBXGroup;
			children = (
				5EDE788C1C6524F400E75491 /* Ivory */,
				5EDE78A41C6524F400E75491 /* IvoryTests */,
				5EDE78AF1C6524F400E75491 /* IvoryUITests */,
				5EDE788B1C6524F400E75491 /* Products */,
				3BD71749351366B991181588 /* Pods */,
				5C9AA160706C754042895BC2 /* Frameworks */,
			);
			sourceTree = "<group>";
		};
		5EDE788B1C6524F400E75491 /* Products */ = {
			isa = PBXGroup;
			children = (
				5EDE788A1C6524F400E75491 /* Ivory.app */,
				5EDE78A11C6524F400E75491 /* IvoryTests.xctest */,
				5EDE78AC1C6524F400E75491 /* IvoryUITests.xctest */,
			);
			name = Products;
			sourceTree = "<group>";
		};
		5EDE788C1C6524F400E75491 /* Ivory */ = {
			isa = PBXGroup;
			children = (
				5EDE78C41C65427600E75491 /* Application */,
				5EDE78C51C65429200E75491 /* Controllers */,
				5EDE78C61C6542AE00E75491 /* Library */,
				5EDE78C71C6542B300E75491 /* Models */,
				5EDE78C91C6542FA00E75491 /* Supporting Files */,
				5EDE78C81C6542B800E75491 /* Views */,
			);
			path = Ivory;
			sourceTree = "<group>";
		};
		5EDE78A41C6524F400E75491 /* IvoryTests */ = {
			isa = PBXGroup;
			children = (
				5EDE78A51C6524F400E75491 /* IvoryTests.swift */,
				5EDE78A71C6524F400E75491 /* Info.plist */,
			);
			path = IvoryTests;
			sourceTree = "<group>";
		};
		5EDE78AF1C6524F400E75491 /* IvoryUITests */ = {
			isa = PBXGroup;
			children = (
				5EDE78B01C6524F400E75491 /* IvoryUITests.swift */,
				5EDE78B21C6524F400E75491 /* Info.plist */,
			);
			path = IvoryUITests;
			sourceTree = "<group>";
		};
		5EDE78C41C65427600E75491 /* Application */ = {
			isa = PBXGroup;
			children = (
				5EDE788D1C6524F400E75491 /* AppDelegate.swift */,
			);
			name = Application;
			sourceTree = "<group>";
		};
		5EDE78C51C65429200E75491 /* Controllers */ = {
			isa = PBXGroup;
			children = (
				5EDE78CE1C6544AD00E75491 /* Account */,
				5EDE78CF1C6544B100E75491 /* Main */,
				5EDE78D81C654D0600E75491 /* ChatRoom */,
				5EDE78D91C654D0E00E75491 /* Profile */,
				5EDE78DA1C654D1300E75491 /* Settings */,
				5EDE78DB1C654D1700E75491 /* JoinUs */,
			);
			name = Controllers;
			sourceTree = "<group>";
		};
		5EDE78C61C6542AE00E75491 /* Library */ = {
			isa = PBXGroup;
			children = (
			);
			name = Library;
			sourceTree = "<group>";
		};
		5EDE78C71C6542B300E75491 /* Models */ = {
			isa = PBXGroup;
			children = (
				5EDE78941C6524F400E75491 /* Ivory.xcdatamodeld */,
			);
			name = Models;
			sourceTree = "<group>";
		};
		5EDE78C81C6542B800E75491 /* Views */ = {
			isa = PBXGroup;
			children = (
				5EDE78991C6524F400E75491 /* LaunchScreen.storyboard */,
				5EDE78911C6524F400E75491 /* Account.storyboard */,
				5EDE78CA1C65442600E75491 /* Main.storyboard */,
				5EDE78D01C65496D00E75491 /* ChatRoom.storyboard */,
				5EDE78D21C65497A00E75491 /* Profile.storyboard */,
				5EDE78D41C65498A00E75491 /* Settings.storyboard */,
				5EDE78D61C65499600E75491 /* JoinUs.storyboard */,
			);
			name = Views;
			sourceTree = "<group>";
		};
		5EDE78C91C6542FA00E75491 /* Supporting Files */ = {
			isa = PBXGroup;
			children = (
				5EDE78971C6524F400E75491 /* Assets.xcassets */,
				5EDE789C1C6524F400E75491 /* Info.plist */,
			);
			name = "Supporting Files";
			sourceTree = "<group>";
		};
		5EDE78CE1C6544AD00E75491 /* Account */ = {
			isa = PBXGroup;
			children = (
				5EDE78BE1C65274C00E75491 /* AccountViewController.swift */,
				5EDE78C01C65352F00E75491 /* RegisterViewController.swift */,
				5EDE78C21C65353D00E75491 /* SignInViewController.swift */,
				31A738EF1C6A2AB300E4C51E /* UniversityViewController.swift */,
				31A738F11C6A300600E4C51E /* UniversityCell.swift */,
			);
			name = Account;
			sourceTree = "<group>";
		};
		5EDE78CF1C6544B100E75491 /* Main */ = {
			isa = PBXGroup;
			children = (
				5EDE78CC1C6544A700E75491 /* MainViewController.swift */,
			);
			name = Main;
			sourceTree = "<group>";
		};
		5EDE78D81C654D0600E75491 /* ChatRoom */ = {
			isa = PBXGroup;
			children = (
				5EDE78DD1C654D4000E75491 /* ChatRoomViewController.swift */,
				5EDE78E51C65504000E75491 /* RoomMessagesViewController.swift */,
				5EDE78E71C65505700E75491 /* RoomInfoViewController.swift */,
				5EDE78E91C6552F900E75491 /* MembersViewController.swift */,
				5EDE78EB1C65530F00E75491 /* SubgroupsViewController.swift */,
			);
			name = ChatRoom;
			sourceTree = "<group>";
		};
		5EDE78D91C654D0E00E75491 /* Profile */ = {
			isa = PBXGroup;
			children = (
				5EDE78DF1C654D4A00E75491 /* ProfileViewController.swift */,
			);
			name = Profile;
			sourceTree = "<group>";
		};
		5EDE78DA1C654D1300E75491 /* Settings */ = {
			isa = PBXGroup;
			children = (
				5EDE78E11C654D5300E75491 /* SettingsViewController.swift */,
			);
			name = Settings;
			sourceTree = "<group>";
		};
		5EDE78DB1C654D1700E75491 /* JoinUs */ = {
			isa = PBXGroup;
			children = (
				5EDE78E31C654D5D00E75491 /* JoinUsViewController.swift */,
			);
			name = JoinUs;
			sourceTree = "<group>";
		};
		89EC9EEA1C6B1316004DECE8 /* FacebookSDK */ = {
			isa = PBXGroup;
			children = (
				89EC9EEB1C6B133F004DECE8 /* Bolts.framework */,
				89EC9EEC1C6B133F004DECE8 /* FacebookSDKStrings.bundle */,
				89EC9EED1C6B133F004DECE8 /* FBAudienceNetwork.framework */,
				89EC9EEE1C6B133F004DECE8 /* FBSDKCoreKit.framework */,
				89EC9EEF1C6B133F004DECE8 /* FBSDKLoginKit.framework */,
				89EC9EF01C6B133F004DECE8 /* FBSDKMessengerShareKit.framework */,
				89EC9EF11C6B133F004DECE8 /* FBSDKShareKit.framework */,
			);
			name = FacebookSDK;
			sourceTree = "<group>";
		};
/* End PBXGroup section */

/* Begin PBXNativeTarget section */
		5EDE78891C6524F400E75491 /* Ivory */ = {
			isa = PBXNativeTarget;
			buildConfigurationList = 5EDE78B51C6524F400E75491 /* Build configuration list for PBXNativeTarget "Ivory" */;
			buildPhases = (
				29472D062FA0C2ABBBCEF43A /* Check Pods Manifest.lock */,
				5EDE78861C6524F400E75491 /* Sources */,
				5EDE78871C6524F400E75491 /* Frameworks */,
				5EDE78881C6524F400E75491 /* Resources */,
				581467BA6C55D894CCF4D0AF /* Embed Pods Frameworks */,
				29DBF68B9906A6D66FA76A52 /* Copy Pods Resources */,
			);
			buildRules = (
			);
			dependencies = (
			);
			name = Ivory;
			productName = Ivory;
			productReference = 5EDE788A1C6524F400E75491 /* Ivory.app */;
			productType = "com.apple.product-type.application";
		};
		5EDE78A01C6524F400E75491 /* IvoryTests */ = {
			isa = PBXNativeTarget;
			buildConfigurationList = 5EDE78B81C6524F400E75491 /* Build configuration list for PBXNativeTarget "IvoryTests" */;
			buildPhases = (
				5EDE789D1C6524F400E75491 /* Sources */,
				5EDE789E1C6524F400E75491 /* Frameworks */,
				5EDE789F1C6524F400E75491 /* Resources */,
			);
			buildRules = (
			);
			dependencies = (
				5EDE78A31C6524F400E75491 /* PBXTargetDependency */,
			);
			name = IvoryTests;
			productName = IvoryTests;
			productReference = 5EDE78A11C6524F400E75491 /* IvoryTests.xctest */;
			productType = "com.apple.product-type.bundle.unit-test";
		};
		5EDE78AB1C6524F400E75491 /* IvoryUITests */ = {
			isa = PBXNativeTarget;
			buildConfigurationList = 5EDE78BB1C6524F400E75491 /* Build configuration list for PBXNativeTarget "IvoryUITests" */;
			buildPhases = (
				5EDE78A81C6524F400E75491 /* Sources */,
				5EDE78A91C6524F400E75491 /* Frameworks */,
				5EDE78AA1C6524F400E75491 /* Resources */,
			);
			buildRules = (
			);
			dependencies = (
				5EDE78AE1C6524F400E75491 /* PBXTargetDependency */,
			);
			name = IvoryUITests;
			productName = IvoryUITests;
			productReference = 5EDE78AC1C6524F400E75491 /* IvoryUITests.xctest */;
			productType = "com.apple.product-type.bundle.ui-testing";
		};
/* End PBXNativeTarget section */

/* Begin PBXProject section */
		5EDE78821C6524F400E75491 /* Project object */ = {
			isa = PBXProject;
			attributes = {
				LastSwiftUpdateCheck = 0720;
				LastUpgradeCheck = 0720;
				ORGANIZATIONNAME = "Purdue iOS Dev Club";
				TargetAttributes = {
					5EDE78891C6524F400E75491 = {
						CreatedOnToolsVersion = 7.2;
						DevelopmentTeam = WD5637H5AA;
					};
					5EDE78A01C6524F400E75491 = {
						CreatedOnToolsVersion = 7.2;
						TestTargetID = 5EDE78891C6524F400E75491;
					};
					5EDE78AB1C6524F400E75491 = {
						CreatedOnToolsVersion = 7.2;
						TestTargetID = 5EDE78891C6524F400E75491;
					};
				};
			};
			buildConfigurationList = 5EDE78851C6524F400E75491 /* Build configuration list for PBXProject "Ivory" */;
			compatibilityVersion = "Xcode 3.2";
			developmentRegion = English;
			hasScannedForEncodings = 0;
			knownRegions = (
				en,
				Base,
			);
			mainGroup = 5EDE78811C6524F400E75491;
			productRefGroup = 5EDE788B1C6524F400E75491 /* Products */;
			projectDirPath = "";
			projectRoot = "";
			targets = (
				5EDE78891C6524F400E75491 /* Ivory */,
				5EDE78A01C6524F400E75491 /* IvoryTests */,
				5EDE78AB1C6524F400E75491 /* IvoryUITests */,
			);
		};
/* End PBXProject section */

/* Begin PBXResourcesBuildPhase section */
		5EDE78881C6524F400E75491 /* Resources */ = {
			isa = PBXResourcesBuildPhase;
			buildActionMask = 2147483647;
			files = (
				5EDE78D71C65499600E75491 /* JoinUs.storyboard in Resources */,
				5EDE78D31C65497A00E75491 /* Profile.storyboard in Resources */,
				5EDE789B1C6524F400E75491 /* LaunchScreen.storyboard in Resources */,
				5EDE78D11C65496D00E75491 /* ChatRoom.storyboard in Resources */,
				5EDE78981C6524F400E75491 /* Assets.xcassets in Resources */,
				5EDE78931C6524F400E75491 /* Account.storyboard in Resources */,
				89EC9EF31C6B133F004DECE8 /* FacebookSDKStrings.bundle in Resources */,
				5EDE78CB1C65442600E75491 /* Main.storyboard in Resources */,
				5EDE78D51C65498A00E75491 /* Settings.storyboard in Resources */,
			);
			runOnlyForDeploymentPostprocessing = 0;
		};
		5EDE789F1C6524F400E75491 /* Resources */ = {
			isa = PBXResourcesBuildPhase;
			buildActionMask = 2147483647;
			files = (
			);
			runOnlyForDeploymentPostprocessing = 0;
		};
		5EDE78AA1C6524F400E75491 /* Resources */ = {
			isa = PBXResourcesBuildPhase;
			buildActionMask = 2147483647;
			files = (
			);
			runOnlyForDeploymentPostprocessing = 0;
		};
/* End PBXResourcesBuildPhase section */

/* Begin PBXShellScriptBuildPhase section */
		29472D062FA0C2ABBBCEF43A /* Check Pods Manifest.lock */ = {
			isa = PBXShellScriptBuildPhase;
			buildActionMask = 2147483647;
			files = (
			);
			inputPaths = (
			);
			name = "Check Pods Manifest.lock";
			outputPaths = (
			);
			runOnlyForDeploymentPostprocessing = 0;
			shellPath = /bin/sh;
			shellScript = "diff \"${PODS_ROOT}/../Podfile.lock\" \"${PODS_ROOT}/Manifest.lock\" > /dev/null\nif [[ $? != 0 ]] ; then\n    cat << EOM\nerror: The sandbox is not in sync with the Podfile.lock. Run 'pod install' or update your CocoaPods installation.\nEOM\n    exit 1\nfi\n";
			showEnvVarsInLog = 0;
		};
		29DBF68B9906A6D66FA76A52 /* Copy Pods Resources */ = {
			isa = PBXShellScriptBuildPhase;
			buildActionMask = 2147483647;
			files = (
			);
			inputPaths = (
			);
			name = "Copy Pods Resources";
			outputPaths = (
			);
			runOnlyForDeploymentPostprocessing = 0;
			shellPath = /bin/sh;
			shellScript = "\"${SRCROOT}/Pods/Target Support Files/Pods/Pods-resources.sh\"\n";
			showEnvVarsInLog = 0;
		};
		581467BA6C55D894CCF4D0AF /* Embed Pods Frameworks */ = {
			isa = PBXShellScriptBuildPhase;
			buildActionMask = 2147483647;
			files = (
			);
			inputPaths = (
			);
			name = "Embed Pods Frameworks";
			outputPaths = (
			);
			runOnlyForDeploymentPostprocessing = 0;
			shellPath = /bin/sh;
			shellScript = "\"${SRCROOT}/Pods/Target Support Files/Pods/Pods-frameworks.sh\"\n";
			showEnvVarsInLog = 0;
		};
/* End PBXShellScriptBuildPhase section */

/* Begin PBXSourcesBuildPhase section */
		5EDE78861C6524F400E75491 /* Sources */ = {
			isa = PBXSourcesBuildPhase;
			buildActionMask = 2147483647;
			files = (
				5EDE78DE1C654D4000E75491 /* ChatRoomViewController.swift in Sources */,
				31A738F21C6A300600E4C51E /* UniversityCell.swift in Sources */,
				5EDE78EA1C6552F900E75491 /* MembersViewController.swift in Sources */,
				5EDE78961C6524F400E75491 /* Ivory.xcdatamodeld in Sources */,
				5EDE788E1C6524F400E75491 /* AppDelegate.swift in Sources */,
				5EDE78BF1C65274C00E75491 /* AccountViewController.swift in Sources */,
				5EDE78E81C65505700E75491 /* RoomInfoViewController.swift in Sources */,
				5EDE78CD1C6544A700E75491 /* MainViewController.swift in Sources */,
				5EDE78C31C65353D00E75491 /* SignInViewController.swift in Sources */,
				5EDE78E01C654D4A00E75491 /* ProfileViewController.swift in Sources */,
				5EDE78E61C65504000E75491 /* RoomMessagesViewController.swift in Sources */,
				5EDE78C11C65352F00E75491 /* RegisterViewController.swift in Sources */,
				5EDE78E41C654D5D00E75491 /* JoinUsViewController.swift in Sources */,
				5EDE78E21C654D5300E75491 /* SettingsViewController.swift in Sources */,
				31A738F01C6A2AB300E4C51E /* UniversityViewController.swift in Sources */,
				5EDE78EC1C65530F00E75491 /* SubgroupsViewController.swift in Sources */,
			);
			runOnlyForDeploymentPostprocessing = 0;
		};
		5EDE789D1C6524F400E75491 /* Sources */ = {
			isa = PBXSourcesBuildPhase;
			buildActionMask = 2147483647;
			files = (
				5EDE78A61C6524F400E75491 /* IvoryTests.swift in Sources */,
			);
			runOnlyForDeploymentPostprocessing = 0;
		};
		5EDE78A81C6524F400E75491 /* Sources */ = {
			isa = PBXSourcesBuildPhase;
			buildActionMask = 2147483647;
			files = (
				5EDE78B11C6524F400E75491 /* IvoryUITests.swift in Sources */,
			);
			runOnlyForDeploymentPostprocessing = 0;
		};
/* End PBXSourcesBuildPhase section */

/* Begin PBXTargetDependency section */
		5EDE78A31C6524F400E75491 /* PBXTargetDependency */ = {
			isa = PBXTargetDependency;
			target = 5EDE78891C6524F400E75491 /* Ivory */;
			targetProxy = 5EDE78A21C6524F400E75491 /* PBXContainerItemProxy */;
		};
		5EDE78AE1C6524F400E75491 /* PBXTargetDependency */ = {
			isa = PBXTargetDependency;
			target = 5EDE78891C6524F400E75491 /* Ivory */;
			targetProxy = 5EDE78AD1C6524F400E75491 /* PBXContainerItemProxy */;
		};
/* End PBXTargetDependency section */

/* Begin PBXVariantGroup section */
		5EDE78911C6524F400E75491 /* Account.storyboard */ = {
			isa = PBXVariantGroup;
			children = (
				5EDE78921C6524F400E75491 /* Base */,
			);
			name = Account.storyboard;
			sourceTree = "<group>";
		};
		5EDE78991C6524F400E75491 /* LaunchScreen.storyboard */ = {
			isa = PBXVariantGroup;
			children = (
				5EDE789A1C6524F400E75491 /* Base */,
			);
			name = LaunchScreen.storyboard;
			sourceTree = "<group>";
		};
/* End PBXVariantGroup section */

/* Begin XCBuildConfiguration section */
		5EDE78B31C6524F400E75491 /* Debug */ = {
			isa = XCBuildConfiguration;
			buildSettings = {
				ALWAYS_SEARCH_USER_PATHS = NO;
				CLANG_CXX_LANGUAGE_STANDARD = "gnu++0x";
				CLANG_CXX_LIBRARY = "libc++";
				CLANG_ENABLE_MODULES = YES;
				CLANG_ENABLE_OBJC_ARC = YES;
				CLANG_WARN_BOOL_CONVERSION = YES;
				CLANG_WARN_CONSTANT_CONVERSION = YES;
				CLANG_WARN_DIRECT_OBJC_ISA_USAGE = YES_ERROR;
				CLANG_WARN_EMPTY_BODY = YES;
				CLANG_WARN_ENUM_CONVERSION = YES;
				CLANG_WARN_INT_CONVERSION = YES;
				CLANG_WARN_OBJC_ROOT_CLASS = YES_ERROR;
				CLANG_WARN_UNREACHABLE_CODE = YES;
				CLANG_WARN__DUPLICATE_METHOD_MATCH = YES;
				"CODE_SIGN_IDENTITY[sdk=iphoneos*]" = "iPhone Developer";
				COPY_PHASE_STRIP = NO;
				DEBUG_INFORMATION_FORMAT = dwarf;
				ENABLE_STRICT_OBJC_MSGSEND = YES;
				ENABLE_TESTABILITY = YES;
				GCC_C_LANGUAGE_STANDARD = gnu99;
				GCC_DYNAMIC_NO_PIC = NO;
				GCC_NO_COMMON_BLOCKS = YES;
				GCC_OPTIMIZATION_LEVEL = 0;
				GCC_PREPROCESSOR_DEFINITIONS = (
					"DEBUG=1",
					"$(inherited)",
				);
				GCC_WARN_64_TO_32_BIT_CONVERSION = YES;
				GCC_WARN_ABOUT_RETURN_TYPE = YES_ERROR;
				GCC_WARN_UNDECLARED_SELECTOR = YES;
				GCC_WARN_UNINITIALIZED_AUTOS = YES_AGGRESSIVE;
				GCC_WARN_UNUSED_FUNCTION = YES;
				GCC_WARN_UNUSED_VARIABLE = YES;
				IPHONEOS_DEPLOYMENT_TARGET = 9.2;
				MTL_ENABLE_DEBUG_INFO = YES;
				ONLY_ACTIVE_ARCH = YES;
				SDKROOT = iphoneos;
				SWIFT_OPTIMIZATION_LEVEL = "-Onone";
			};
			name = Debug;
		};
		5EDE78B41C6524F400E75491 /* Release */ = {
			isa = XCBuildConfiguration;
			buildSettings = {
				ALWAYS_SEARCH_USER_PATHS = NO;
				CLANG_CXX_LANGUAGE_STANDARD = "gnu++0x";
				CLANG_CXX_LIBRARY = "libc++";
				CLANG_ENABLE_MODULES = YES;
				CLANG_ENABLE_OBJC_ARC = YES;
				CLANG_WARN_BOOL_CONVERSION = YES;
				CLANG_WARN_CONSTANT_CONVERSION = YES;
				CLANG_WARN_DIRECT_OBJC_ISA_USAGE = YES_ERROR;
				CLANG_WARN_EMPTY_BODY = YES;
				CLANG_WARN_ENUM_CONVERSION = YES;
				CLANG_WARN_INT_CONVERSION = YES;
				CLANG_WARN_OBJC_ROOT_CLASS = YES_ERROR;
				CLANG_WARN_UNREACHABLE_CODE = YES;
				CLANG_WARN__DUPLICATE_METHOD_MATCH = YES;
				"CODE_SIGN_IDENTITY[sdk=iphoneos*]" = "iPhone Developer";
				COPY_PHASE_STRIP = NO;
				DEBUG_INFORMATION_FORMAT = "dwarf-with-dsym";
				ENABLE_NS_ASSERTIONS = NO;
				ENABLE_STRICT_OBJC_MSGSEND = YES;
				GCC_C_LANGUAGE_STANDARD = gnu99;
				GCC_NO_COMMON_BLOCKS = YES;
				GCC_WARN_64_TO_32_BIT_CONVERSION = YES;
				GCC_WARN_ABOUT_RETURN_TYPE = YES_ERROR;
				GCC_WARN_UNDECLARED_SELECTOR = YES;
				GCC_WARN_UNINITIALIZED_AUTOS = YES_AGGRESSIVE;
				GCC_WARN_UNUSED_FUNCTION = YES;
				GCC_WARN_UNUSED_VARIABLE = YES;
				IPHONEOS_DEPLOYMENT_TARGET = 9.2;
				MTL_ENABLE_DEBUG_INFO = NO;
				SDKROOT = iphoneos;
				VALIDATE_PRODUCT = YES;
			};
			name = Release;
		};
		5EDE78B61C6524F400E75491 /* Debug */ = {
			isa = XCBuildConfiguration;
			baseConfigurationReference = E53D608C8228A6379B9068C9 /* Pods.debug.xcconfig */;
			buildSettings = {
				ASSETCATALOG_COMPILER_APPICON_NAME = AppIcon;
				CODE_SIGN_IDENTITY = "iPhone Developer";
				"CODE_SIGN_IDENTITY[sdk=iphoneos*]" = "iPhone Developer";
				FRAMEWORK_SEARCH_PATHS = (
					"$(inherited)",
					"$(PROJECT_DIR)/FacebookSDK",
				);
				INFOPLIST_FILE = Ivory/Info.plist;
				LD_RUNPATH_SEARCH_PATHS = "$(inherited) @executable_path/Frameworks";
				PRODUCT_BUNDLE_IDENTIFIER = com.PurdueiOSDevClub.Ivory;
				PRODUCT_NAME = "$(TARGET_NAME)";
				PROVISIONING_PROFILE = "";
			};
			name = Debug;
		};
		5EDE78B71C6524F400E75491 /* Release */ = {
			isa = XCBuildConfiguration;
			baseConfigurationReference = 6A9D8096EF08E2B40444C8E6 /* Pods.release.xcconfig */;
			buildSettings = {
				ASSETCATALOG_COMPILER_APPICON_NAME = AppIcon;
				CODE_SIGN_IDENTITY = "iPhone Developer";
				"CODE_SIGN_IDENTITY[sdk=iphoneos*]" = "iPhone Developer";
				FRAMEWORK_SEARCH_PATHS = (
					"$(inherited)",
					"$(PROJECT_DIR)/FacebookSDK",
				);
				INFOPLIST_FILE = Ivory/Info.plist;
				LD_RUNPATH_SEARCH_PATHS = "$(inherited) @executable_path/Frameworks";
				PRODUCT_BUNDLE_IDENTIFIER = com.PurdueiOSDevClub.Ivory;
				PRODUCT_NAME = "$(TARGET_NAME)";
				PROVISIONING_PROFILE = "";
			};
			name = Release;
		};
		5EDE78B91C6524F400E75491 /* Debug */ = {
			isa = XCBuildConfiguration;
			buildSettings = {
				BUNDLE_LOADER = "$(TEST_HOST)";
				INFOPLIST_FILE = IvoryTests/Info.plist;
				LD_RUNPATH_SEARCH_PATHS = "$(inherited) @executable_path/Frameworks @loader_path/Frameworks";
				PRODUCT_BUNDLE_IDENTIFIER = com.PurdueiOSDevClub.IvoryTests;
				PRODUCT_NAME = "$(TARGET_NAME)";
				TEST_HOST = "$(BUILT_PRODUCTS_DIR)/Ivory.app/Ivory";
			};
			name = Debug;
		};
		5EDE78BA1C6524F400E75491 /* Release */ = {
			isa = XCBuildConfiguration;
			buildSettings = {
				BUNDLE_LOADER = "$(TEST_HOST)";
				INFOPLIST_FILE = IvoryTests/Info.plist;
				LD_RUNPATH_SEARCH_PATHS = "$(inherited) @executable_path/Frameworks @loader_path/Frameworks";
				PRODUCT_BUNDLE_IDENTIFIER = com.PurdueiOSDevClub.IvoryTests;
				PRODUCT_NAME = "$(TARGET_NAME)";
				TEST_HOST = "$(BUILT_PRODUCTS_DIR)/Ivory.app/Ivory";
			};
			name = Release;
		};
		5EDE78BC1C6524F400E75491 /* Debug */ = {
			isa = XCBuildConfiguration;
			buildSettings = {
				INFOPLIST_FILE = IvoryUITests/Info.plist;
				LD_RUNPATH_SEARCH_PATHS = "$(inherited) @executable_path/Frameworks @loader_path/Frameworks";
				PRODUCT_BUNDLE_IDENTIFIER = com.PurdueiOSDevClub.IvoryUITests;
				PRODUCT_NAME = "$(TARGET_NAME)";
				TEST_TARGET_NAME = Ivory;
				USES_XCTRUNNER = YES;
			};
			name = Debug;
		};
		5EDE78BD1C6524F400E75491 /* Release */ = {
			isa = XCBuildConfiguration;
			buildSettings = {
				INFOPLIST_FILE = IvoryUITests/Info.plist;
				LD_RUNPATH_SEARCH_PATHS = "$(inherited) @executable_path/Frameworks @loader_path/Frameworks";
				PRODUCT_BUNDLE_IDENTIFIER = com.PurdueiOSDevClub.IvoryUITests;
				PRODUCT_NAME = "$(TARGET_NAME)";
				TEST_TARGET_NAME = Ivory;
				USES_XCTRUNNER = YES;
			};
			name = Release;
		};
/* End XCBuildConfiguration section */

/* Begin XCConfigurationList section */
		5EDE78851C6524F400E75491 /* Build configuration list for PBXProject "Ivory" */ = {
			isa = XCConfigurationList;
			buildConfigurations = (
				5EDE78B31C6524F400E75491 /* Debug */,
				5EDE78B41C6524F400E75491 /* Release */,
			);
			defaultConfigurationIsVisible = 0;
			defaultConfigurationName = Release;
		};
		5EDE78B51C6524F400E75491 /* Build configuration list for PBXNativeTarget "Ivory" */ = {
			isa = XCConfigurationList;
			buildConfigurations = (
				5EDE78B61C6524F400E75491 /* Debug */,
				5EDE78B71C6524F400E75491 /* Release */,
			);
			defaultConfigurationIsVisible = 0;
			defaultConfigurationName = Release;
		};
		5EDE78B81C6524F400E75491 /* Build configuration list for PBXNativeTarget "IvoryTests" */ = {
			isa = XCConfigurationList;
			buildConfigurations = (
				5EDE78B91C6524F400E75491 /* Debug */,
				5EDE78BA1C6524F400E75491 /* Release */,
			);
			defaultConfigurationIsVisible = 0;
			defaultConfigurationName = Release;
		};
		5EDE78BB1C6524F400E75491 /* Build configuration list for PBXNativeTarget "IvoryUITests" */ = {
			isa = XCConfigurationList;
			buildConfigurations = (
				5EDE78BC1C6524F400E75491 /* Debug */,
				5EDE78BD1C6524F400E75491 /* Release */,
			);
			defaultConfigurationIsVisible = 0;
			defaultConfigurationName = Release;
		};
/* End XCConfigurationList section */

/* Begin XCVersionGroup section */
		5EDE78941C6524F400E75491 /* Ivory.xcdatamodeld */ = {
			isa = XCVersionGroup;
			children = (
				5EDE78951C6524F400E75491 /* Ivory.xcdatamodel */,
			);
			currentVersion = 5EDE78951C6524F400E75491 /* Ivory.xcdatamodel */;
			path = Ivory.xcdatamodeld;
			sourceTree = "<group>";
			versionGroupType = wrapper.xcdatamodel;
		};
/* End XCVersionGroup section */
	};
	rootObject = 5EDE78821C6524F400E75491 /* Project object */;
}
